
Microsoft Visual Studio Solution File, Format Version 12.00
# Visual Studio Version 16
VisualStudioVersion = 16.0.31911.196
MinimumVisualStudioVersion = 10.0.40219.1
Project("{FAE04EC0-301F-11D3-BF4B-00C04F79EFBC}") = "MyAppWebAPI", "MyAppWebAPI.csproj", "{31FD7862-6A51-4E44-9C90-3D10B5EF225B}"
EndProject
Global
	GlobalSection(SolutionConfigurationPlatforms) = preSolution
		Debug|Any CPU = Debug|Any CPU
		Release|Any CPU = Release|Any CPU
	EndGlobalSection
	GlobalSection(ProjectConfigurationPlatforms) = postSolution
		{31FD7862-6A51-4E44-9C90-3D10B5EF225B}.Debug|Any CPU.ActiveCfg = Debug|Any CPU
		{31FD7862-6A51-4E44-9C90-3D10B5EF225B}.Debug|Any CPU.Build.0 = Debug|Any CPU
		{31FD7862-6A51-4E44-9C90-3D10B5EF225B}.Release|Any CPU.ActiveCfg = Release|Any CPU
		{31FD7862-6A51-4E44-9C90-3D10B5EF225B}.Release|Any CPU.Build.0 = Release|Any CPU
	EndGlobalSection
	GlobalSection(SolutionProperties) = preSolution
		HideSolutionNode = FALSE
	EndGlobalSection
	GlobalSection(ExtensibilityGlobals) = postSolution
		SolutionGuid = {E2883385-8444-4C9F-ABB8-D06CCA7B856D}
	EndGlobalSection
EndGlobal
